
Microsoft Visual Studio Solution File, Format Version 12.00
# Visual Studio Version 17
VisualStudioVersion = 17.11.35312.102
MinimumVisualStudioVersion = 10.0.40219.1
Project("{9A19103F-16F7-4668-BE54-9A1E7A4F7556}") = "DK.AgentPortalAPIGateway", "DK.AgentPortalAPIGateway\DK.AgentPortalAPIGateway.csproj", "{51B63AB7-A6D0-4776-8CC8-B3C56F814C7F}"
EndProject
Project("{2150E333-8FDC-42A3-9474-1A3956D46DE8}") = "Auth", "Auth", "{64B53B00-9982-45E9-BE9E-B7C7E1B9C9C5}"
EndProject
Project("{9A19103F-16F7-4668-BE54-9A1E7A4F7556}") = "DK.AuthService", "DK.AuthService\DK.AuthService.csproj", "{B921D4DD-D210-43A2-89AF-E655039E1623}"
EndProject
Project("{2150E333-8FDC-42A3-9474-1A3956D46DE8}") = "Chat", "Chat", "{8E01903A-0483-4F82-9627-E1350B42726D}"
EndProject
Project("{9A19103F-16F7-4668-BE54-9A1E7A4F7556}") = "DK.ChatService.API", "DK.ChatService.API\DK.ChatService.API.csproj", "{774B049A-9664-4E13-8944-C2E90A3B4750}"
EndProject
Project("{2150E333-8FDC-42A3-9474-1A3956D46DE8}") = "Policy", "Policy", "{690CEC85-67E0-4138-A5BC-A02D8F3044B5}"
EndProject
Project("{9A19103F-16F7-4668-BE54-9A1E7A4F7556}") = "DK.PolicyService.API", "DK.PolicyService.API\DK.PolicyService.API.csproj", "{F970D609-4A52-451E-8011-754B45A60D58}"
EndProject
Project("{9A19103F-16F7-4668-BE54-9A1E7A4F7556}") = "DK.ChatService", "DK.ChatService\DK.ChatService.csproj", "{EA5FAEBE-B353-4B76-B334-EE282C5F3AC1}"
EndProject
Project("{9A19103F-16F7-4668-BE54-9A1E7A4F7556}") = "DK.PolicyService", "DK.PolicyService\DK.PolicyService.csproj", "{2A6C3E15-447C-44AC-BC23-6E3083A40775}"
EndProject
Project("{2150E333-8FDC-42A3-9474-1A3956D46DE8}") = "Pricing", "Pricing", "{58762BAA-3837-4F91-837D-83A204390015}"
EndProject
Project("{9A19103F-16F7-4668-BE54-9A1E7A4F7556}") = "DK.PricingService.API", "DK.PricingService.API\DK.PricingService.API.csproj", "{F3F00F3B-2EB8-46CF-A962-A1BCAE317663}"
EndProject
Project("{FAE04EC0-301F-11D3-BF4B-00C04F79EFBC}") = "DK.PricingService", "DK.PricingService\DK.PricingService.csproj", "{3FD8AF2D-EE98-448D-8285-3F54AEB8CCAB}"
EndProject
Project("{FAE04EC0-301F-11D3-BF4B-00C04F79EFBC}") = "DK.PricingService.IntegrationTests", "DK.PricingService.IntegrationTests\DK.PricingService.IntegrationTests.csproj", "{D22B6E1E-767B-41F5-81FF-606757219CA1}"
EndProject
Global
	GlobalSection(SolutionConfigurationPlatforms) = preSolution
		Debug|Any CPU = Debug|Any CPU
		Release|Any CPU = Release|Any CPU
	EndGlobalSection
	GlobalSection(ProjectConfigurationPlatforms) = postSolution
		{51B63AB7-A6D0-4776-8CC8-B3C56F814C7F}.Debug|Any CPU.ActiveCfg = Debug|Any CPU
		{51B63AB7-A6D0-4776-8CC8-B3C56F814C7F}.Debug|Any CPU.Build.0 = Debug|Any CPU
		{51B63AB7-A6D0-4776-8CC8-B3C56F814C7F}.Release|Any CPU.ActiveCfg = Release|Any CPU
		{51B63AB7-A6D0-4776-8CC8-B3C56F814C7F}.Release|Any CPU.Build.0 = Release|Any CPU
		{B921D4DD-D210-43A2-89AF-E655039E1623}.Debug|Any CPU.ActiveCfg = Debug|Any CPU
		{B921D4DD-D210-43A2-89AF-E655039E1623}.Debug|Any CPU.Build.0 = Debug|Any CPU
		{B921D4DD-D210-43A2-89AF-E655039E1623}.Release|Any CPU.ActiveCfg = Release|Any CPU
		{B921D4DD-D210-43A2-89AF-E655039E1623}.Release|Any CPU.Build.0 = Release|Any CPU
		{774B049A-9664-4E13-8944-C2E90A3B4750}.Debug|Any CPU.ActiveCfg = Debug|Any CPU
		{774B049A-9664-4E13-8944-C2E90A3B4750}.Debug|Any CPU.Build.0 = Debug|Any CPU
		{774B049A-9664-4E13-8944-C2E90A3B4750}.Release|Any CPU.ActiveCfg = Release|Any CPU
		{774B049A-9664-4E13-8944-C2E90A3B4750}.Release|Any CPU.Build.0 = Release|Any CPU
		{F970D609-4A52-451E-8011-754B45A60D58}.Debug|Any CPU.ActiveCfg = Debug|Any CPU
		{F970D609-4A52-451E-8011-754B45A60D58}.Debug|Any CPU.Build.0 = Debug|Any CPU
		{F970D609-4A52-451E-8011-754B45A60D58}.Release|Any CPU.ActiveCfg = Release|Any CPU
		{F970D609-4A52-451E-8011-754B45A60D58}.Release|Any CPU.Build.0 = Release|Any CPU
		{EA5FAEBE-B353-4B76-B334-EE282C5F3AC1}.Debug|Any CPU.ActiveCfg = Debug|Any CPU
		{EA5FAEBE-B353-4B76-B334-EE282C5F3AC1}.Debug|Any CPU.Build.0 = Debug|Any CPU
		{EA5FAEBE-B353-4B76-B334-EE282C5F3AC1}.Release|Any CPU.ActiveCfg = Release|Any CPU
		{EA5FAEBE-B353-4B76-B334-EE282C5F3AC1}.Release|Any CPU.Build.0 = Release|Any CPU
		{2A6C3E15-447C-44AC-BC23-6E3083A40775}.Debug|Any CPU.ActiveCfg = Debug|Any CPU
		{2A6C3E15-447C-44AC-BC23-6E3083A40775}.Debug|Any CPU.Build.0 = Debug|Any CPU
		{2A6C3E15-447C-44AC-BC23-6E3083A40775}.Release|Any CPU.ActiveCfg = Release|Any CPU
		{2A6C3E15-447C-44AC-BC23-6E3083A40775}.Release|Any CPU.Build.0 = Release|Any CPU
		{F3F00F3B-2EB8-46CF-A962-A1BCAE317663}.Debug|Any CPU.ActiveCfg = Debug|Any CPU
		{F3F00F3B-2EB8-46CF-A962-A1BCAE317663}.Debug|Any CPU.Build.0 = Debug|Any CPU
		{F3F00F3B-2EB8-46CF-A962-A1BCAE317663}.Release|Any CPU.ActiveCfg = Release|Any CPU
		{F3F00F3B-2EB8-46CF-A962-A1BCAE317663}.Release|Any CPU.Build.0 = Release|Any CPU
		{3FD8AF2D-EE98-448D-8285-3F54AEB8CCAB}.Debug|Any CPU.ActiveCfg = Debug|Any CPU
		{3FD8AF2D-EE98-448D-8285-3F54AEB8CCAB}.Debug|Any CPU.Build.0 = Debug|Any CPU
		{3FD8AF2D-EE98-448D-8285-3F54AEB8CCAB}.Release|Any CPU.ActiveCfg = Release|Any CPU
		{3FD8AF2D-EE98-448D-8285-3F54AEB8CCAB}.Release|Any CPU.Build.0 = Release|Any CPU
		{D22B6E1E-767B-41F5-81FF-606757219CA1}.Debug|Any CPU.ActiveCfg = Debug|Any CPU
		{D22B6E1E-767B-41F5-81FF-606757219CA1}.Debug|Any CPU.Build.0 = Debug|Any CPU
		{D22B6E1E-767B-41F5-81FF-606757219CA1}.Release|Any CPU.ActiveCfg = Release|Any CPU
		{D22B6E1E-767B-41F5-81FF-606757219CA1}.Release|Any CPU.Build.0 = Release|Any CPU
	EndGlobalSection
	GlobalSection(SolutionProperties) = preSolution
		HideSolutionNode = FALSE
	EndGlobalSection
	GlobalSection(NestedProjects) = preSolution
		{B921D4DD-D210-43A2-89AF-E655039E1623} = {64B53B00-9982-45E9-BE9E-B7C7E1B9C9C5}
		{774B049A-9664-4E13-8944-C2E90A3B4750} = {8E01903A-0483-4F82-9627-E1350B42726D}
		{F970D609-4A52-451E-8011-754B45A60D58} = {690CEC85-67E0-4138-A5BC-A02D8F3044B5}
		{EA5FAEBE-B353-4B76-B334-EE282C5F3AC1} = {8E01903A-0483-4F82-9627-E1350B42726D}
		{2A6C3E15-447C-44AC-BC23-6E3083A40775} = {690CEC85-67E0-4138-A5BC-A02D8F3044B5}
		{F3F00F3B-2EB8-46CF-A962-A1BCAE317663} = {58762BAA-3837-4F91-837D-83A204390015}
		{3FD8AF2D-EE98-448D-8285-3F54AEB8CCAB} = {58762BAA-3837-4F91-837D-83A204390015}
		{D22B6E1E-767B-41F5-81FF-606757219CA1} = {58762BAA-3837-4F91-837D-83A204390015}
	EndGlobalSection
	GlobalSection(ExtensibilityGlobals) = postSolution
		SolutionGuid = {BEE4F674-4719-47B4-AF19-6FA8BD225AC9}
	EndGlobalSection
EndGlobal
